
Microsoft Visual Studio Solution File, Format Version 12.00
# Visual Studio Version 17
VisualStudioVersion = 17.10.35013.160
MinimumVisualStudioVersion = 10.0.40219.1
Project("{9A19103F-16F7-4668-BE54-9A1E7A4F7556}") = "CreatorsHubApi", "CreatorsHubApi.csproj", "{E3D51481-1AC8-4B52-AAC8-6646B6AD2892}"
EndProject
Global
	GlobalSection(SolutionConfigurationPlatforms) = preSolution
		Debug|Any CPU = Debug|Any CPU
		Release|Any CPU = Release|Any CPU
	EndGlobalSection
	GlobalSection(ProjectConfigurationPlatforms) = postSolution
		{E3D51481-1AC8-4B52-AAC8-6646B6AD2892}.Debug|Any CPU.ActiveCfg = Debug|Any CPU
		{E3D51481-1AC8-4B52-AAC8-6646B6AD2892}.Debug|Any CPU.Build.0 = Debug|Any CPU
		{E3D51481-1AC8-4B52-AAC8-6646B6AD2892}.Release|Any CPU.ActiveCfg = Release|Any CPU
		{E3D51481-1AC8-4B52-AAC8-6646B6AD2892}.Release|Any CPU.Build.0 = Release|Any CPU
	EndGlobalSection
	GlobalSection(SolutionProperties) = preSolution
		HideSolutionNode = FALSE
	EndGlobalSection
	GlobalSection(ExtensibilityGlobals) = postSolution
		SolutionGuid = {00771DA9-E4AD-40CC-8C7A-AAB0252AECE3}
	EndGlobalSection
EndGlobal
